
Microsoft Visual Studio Solution File, Format Version 12.00
# Visual Studio Version 16
VisualStudioVersion = 16.0.31129.286
MinimumVisualStudioVersion = 10.0.40219.1
Project("{FAE04EC0-301F-11D3-BF4B-00C04F79EFBC}") = "AlphabetAndNumbers", "AlphabetAndNumbers\AlphabetAndNumbers.csproj", "{7BA54883-F8DC-42B0-9DE3-496D5C9C8D4B}"
EndProject
Project("{FAE04EC0-301F-11D3-BF4B-00C04F79EFBC}") = "AlphabetAndNumbersTest", "AlphabetAndNumbersTest\AlphabetAndNumbersTest.csproj", "{04AD881D-0416-406D-8283-2B8035715F53}"
EndProject
Global
	GlobalSection(SolutionConfigurationPlatforms) = preSolution
		Debug|Any CPU = Debug|Any CPU
		Release|Any CPU = Release|Any CPU
	EndGlobalSection
	GlobalSection(ProjectConfigurationPlatforms) = postSolution
		{7BA54883-F8DC-42B0-9DE3-496D5C9C8D4B}.Debug|Any CPU.ActiveCfg = Debug|Any CPU
		{7BA54883-F8DC-42B0-9DE3-496D5C9C8D4B}.Debug|Any CPU.Build.0 = Debug|Any CPU
		{7BA54883-F8DC-42B0-9DE3-496D5C9C8D4B}.Release|Any CPU.ActiveCfg = Release|Any CPU
		{7BA54883-F8DC-42B0-9DE3-496D5C9C8D4B}.Release|Any CPU.Build.0 = Release|Any CPU
		{04AD881D-0416-406D-8283-2B8035715F53}.Debug|Any CPU.ActiveCfg = Debug|Any CPU
		{04AD881D-0416-406D-8283-2B8035715F53}.Debug|Any CPU.Build.0 = Debug|Any CPU
		{04AD881D-0416-406D-8283-2B8035715F53}.Release|Any CPU.ActiveCfg = Release|Any CPU
		{04AD881D-0416-406D-8283-2B8035715F53}.Release|Any CPU.Build.0 = Release|Any CPU
	EndGlobalSection
	GlobalSection(SolutionProperties) = preSolution
		HideSolutionNode = FALSE
	EndGlobalSection
	GlobalSection(ExtensibilityGlobals) = postSolution
		SolutionGuid = {6DF470F2-2E8E-4568-8114-B78875D60C1C}
	EndGlobalSection
EndGlobal
